{
    "_readme": [
        "This file locks the dependencies of your project to a known state",
        "Read more about it at https://getcomposer.org/doc/01-basic-usage.md#installing-dependencies",
        "This file is @generated automatically"
    ],
    "content-hash": "f4ee4cf863fadbc1eb8e9c53646eed35",
    "packages": [
        {
            "name": "composer/installers",
            "version": "v1.0.25",
            "source": {
                "type": "git",
                "url": "https://github.com/composer/installers.git",
                "reference": "36e5b5843203d7f1cf6ffb0305a97e014387bd8e"
            },
            "dist": {
                "type": "zip",
                "url": "https://api.github.com/repos/composer/installers/zipball/36e5b5843203d7f1cf6ffb0305a97e014387bd8e",
                "reference": "36e5b5843203d7f1cf6ffb0305a97e014387bd8e",
                "shasum": ""
            },
            "require": {
                "composer-plugin-api": "^1.0"
            },
            "replace": {
                "roundcube/plugin-installer": "*",
                "shama/baton": "*"
            },
            "require-dev": {
                "composer/composer": "1.0.*@dev",
                "phpunit/phpunit": "4.1.*"
            },
            "type": "composer-plugin",
            "extra": {
                "class": "Composer\\Installers\\Plugin",
                "branch-alias": {
                    "dev-master": "1.0-dev"
                }
            },
            "autoload": {
                "psr-4": {
                    "Composer\\Installers\\": "src/Composer/Installers"
                }
            },
            "notification-url": "https://packagist.org/downloads/",
            "license": [
                "MIT"
            ],
            "authors": [
                {
                    "name": "Kyle Robinson Young",
                    "email": "kyle@dontkry.com",
                    "homepage": "https://github.com/shama"
                }
            ],
            "description": "A multi-framework Composer library installer",
            "homepage": "https://composer.github.io/installers/",
            "keywords": [
                "Craft",
                "Dolibarr",
                "Hurad",
                "ImageCMS",
                "MODX Evo",
                "Mautic",
                "OXID",
                "SMF",
                "Thelia",
                "WolfCMS",
                "agl",
                "aimeos",
                "annotatecms",
                "bitrix",
                "cakephp",
                "chef",
                "codeigniter",
                "concrete5",
                "croogo",
                "dokuwiki",
                "drupal",
                "elgg",
                "fuelphp",
                "grav",
                "installer",
                "joomla",
                "kohana",
                "laravel",
                "lithium",
                "magento",
                "mako",
                "mediawiki",
                "modulework",
                "moodle",
                "phpbb",
                "piwik",
                "ppi",
                "puppet",
                "roundcube",
                "shopware",
                "silverstripe",
                "symfony",
                "typo3",
                "wordpress",
                "zend",
                "zikula"
            ],
            "time": "2016-04-13T19:46:30+00:00"
        },
        {
            "name": "johnpbloch/wordpress",
            "version": "5.4.0",
            "source": {
                "type": "git",
                "url": "https://github.com/johnpbloch/wordpress.git",
                "reference": "6cec3b5d82e24c3fa565d725925afb63f116c584"
            },
            "dist": {
                "type": "zip",
                "url": "https://api.github.com/repos/johnpbloch/wordpress/zipball/6cec3b5d82e24c3fa565d725925afb63f116c584",
                "reference": "6cec3b5d82e24c3fa565d725925afb63f116c584",
                "shasum": ""
            },
            "require": {
                "johnpbloch/wordpress-core": "5.4.0",
                "johnpbloch/wordpress-core-installer": "^1.0",
                "php": ">=5.6.20"
            },
            "type": "package",
            "notification-url": "https://packagist.org/downloads/",
            "license": [
                "GPL-2.0+"
            ],
            "authors": [
                {
                    "name": "WordPress Community",
                    "homepage": "http://wordpress.org/about/"
                }
            ],
            "description": "WordPress is open source software you can use to create a beautiful website, blog, or app.",
            "homepage": "http://wordpress.org/",
            "keywords": [
                "blog",
                "cms",
                "wordpress"
            ],
            "time": "2020-03-31T20:17:18+00:00"
        },
        {
            "name": "johnpbloch/wordpress-core",
            "version": "5.4.0",
            "source": {
                "type": "git",
                "url": "https://github.com/johnpbloch/wordpress-core.git",
                "reference": "9a9941fcad81015507e6d03801aebc51296baf37"
            },
            "dist": {
                "type": "zip",
                "url": "https://api.github.com/repos/johnpbloch/wordpress-core/zipball/9a9941fcad81015507e6d03801aebc51296baf37",
                "reference": "9a9941fcad81015507e6d03801aebc51296baf37",
                "shasum": ""
            },
            "require": {
                "php": ">=5.6.20"
            },
            "provide": {
                "wordpress/core-implementation": "5.4.0"
            },
            "type": "wordpress-core",
            "notification-url": "https://packagist.org/downloads/",
            "license": [
                "GPL-2.0-or-later"
            ],
            "authors": [
                {
                    "name": "WordPress Community",
                    "homepage": "https://wordpress.org/about/"
                }
            ],
            "description": "WordPress is open source software you can use to create a beautiful website, blog, or app.",
            "homepage": "https://wordpress.org/",
            "keywords": [
                "blog",
                "cms",
                "wordpress"
            ],
            "time": "2020-03-31T20:17:13+00:00"
        },
        {
            "name": "johnpbloch/wordpress-core-installer",
            "version": "1.0.2",
            "source": {
                "type": "git",
                "url": "https://github.com/johnpbloch/wordpress-core-installer.git",
                "reference": "fd12f5cfe27223b92b0f4bbc097059eb23cc56c4"
            },
            "dist": {
                "type": "zip",
                "url": "https://api.github.com/repos/johnpbloch/wordpress-core-installer/zipball/fd12f5cfe27223b92b0f4bbc097059eb23cc56c4",
                "reference": "fd12f5cfe27223b92b0f4bbc097059eb23cc56c4",
                "shasum": ""
            },
            "require": {
                "composer-plugin-api": "^1.0"
            },
            "conflict": {
                "composer/installers": "<1.0.6"
            },
            "require-dev": {
                "composer/composer": "^1.0",
                "phpunit/phpunit": ">=4.8.35"
            },
            "type": "composer-plugin",
            "extra": {
                "class": "johnpbloch\\Composer\\WordPressCorePlugin"
            },
            "autoload": {
                "psr-0": {
                    "johnpbloch\\Composer\\": "src/"
                }
            },
            "notification-url": "https://packagist.org/downloads/",
            "license": [
                "GPL-2.0-or-later"
            ],
            "authors": [
                {
                    "name": "John P. Bloch",
                    "email": "me@johnpbloch.com"
                }
            ],
            "description": "A custom installer to handle deploying WordPress with composer",
            "keywords": [
                "wordpress"
            ],
            "time": "2018-11-09T20:10:38+00:00"
        },
        {
            "name": "mbop-remover",
            "version": "dev-master",
            "source": {
                "type": "git",
                "url": "https://github.com/MPAT-eu/mbop.git",
                "reference": "1ec42db4706501d73894449572b40efecfbef828"
            },
            "dist": {
                "type": "zip",
                "url": "https://api.github.com/repos/MPAT-eu/mbop/zipball/1ec42db4706501d73894449572b40efecfbef828",
                "reference": "1ec42db4706501d73894449572b40efecfbef828",
                "shasum": ""
            },
            "type": "wordpress-plugin",
            "license": [
                "GPL2"
            ],
            "authors": [
                {
                    "name": "Jean-Philippe Ruijs",
                    "email": "jean-philippe.ruijs@imt.fr"
                }
            ],
            "description": "WordPress meta-box cleaner, This will remove the 'meta-box-order_page' value for user which is generated when having opened a page. Accessible via http://[wproot]/mbop",
            "support": {
                "source": "https://github.com/MPAT-eu/mbop/tree/master",
                "issues": "https://github.com/MPAT-eu/mbop/issues"
            },
            "time": "2017-08-30T14:55:55+00:00"
        },
        {
            "name": "mpat-cpo",
            "version": "dev-master",
            "source": {
                "type": "git",
                "url": "https://github.com/MPAT-eu/cpo.git",
                "reference": "d9b7640a3fa9278b8dadc74b3cdf130fb3032004"
            },
            "dist": {
                "type": "zip",
                "url": "https://api.github.com/repos/MPAT-eu/cpo/zipball/d9b7640a3fa9278b8dadc74b3cdf130fb3032004",
                "reference": "d9b7640a3fa9278b8dadc74b3cdf130fb3032004",
                "shasum": ""
            },
            "type": "wordpress-plugin",
            "license": [
                "GPL2"
            ],
            "authors": [
                {
                    "name": "Jean-Philippe Ruijs",
                    "email": "jean-philippe.ruijs@imt.fr"
                }
            ],
            "description": "NPAT Custom Posts Order",
            "support": {
                "source": "https://github.com/MPAT-eu/cpo/tree/master"
            },
            "time": "2017-10-09T10:31:47+00:00"
        },
        {
            "name": "mpat/mpat-explorer",
            "version": "dev-master",
            "source": {
                "type": "git",
                "url": "https://github.com/MPAT-eu/mpat-explorer.git",
                "reference": "bdbe71d81bc53f34ba8f9f215d5b946f81de3954"
            },
            "dist": {
                "type": "zip",
                "url": "https://api.github.com/repos/MPAT-eu/mpat-explorer/zipball/bdbe71d81bc53f34ba8f9f215d5b946f81de3954",
                "reference": "bdbe71d81bc53f34ba8f9f215d5b946f81de3954",
                "shasum": ""
            },
            "type": "wordpress-plugin",
            "license": [
                "GPL2"
            ],
            "authors": [
                {
                    "name": "Jean-Claude Dufourd",
                    "email": "dufourd@telecom-paristech.fr"
                }
            ],
            "description": "MPAT explorer",
            "support": {
                "source": "https://github.com/MPAT-eu/mpat-explorer/tree/master",
                "issues": "https://github.com/MPAT-eu/mpat-explorer/issues"
            },
            "time": "2018-06-08T16:43:54+00:00"
        },
        {
            "name": "mpat/mpat-importexport",
            "version": "dev-master",
            "source": {
                "type": "git",
                "url": "https://github.com/MPAT-eu/mpat-importexport.git",
                "reference": "fc6ea961d6b3bc4400f50662599f1ae08861375e"
            },
            "dist": {
                "type": "zip",
                "url": "https://api.github.com/repos/MPAT-eu/mpat-importexport/zipball/fc6ea961d6b3bc4400f50662599f1ae08861375e",
                "reference": "fc6ea961d6b3bc4400f50662599f1ae08861375e",
                "shasum": ""
            },
            "type": "wordpress-plugin",
            "license": [
                "GPL2"
            ],
            "authors": [
                {
                    "name": "Aurelien David",
                    "email": "aurelien.david@telecom-paristech.fr"
                }
            ],
            "description": "MPAT import and export pages",
            "support": {
                "source": "https://github.com/MPAT-eu/mpat-importexport/tree/master",
                "issues": "https://github.com/MPAT-eu/mpat-importexport/issues"
            },
            "time": "2018-02-19T13:04:31+00:00"
        },
        {
            "name": "mpat/mpat-newpagewizard",
            "version": "dev-master",
            "source": {
                "type": "git",
                "url": "https://github.com/MPAT-eu/mpat-newpagewizard.git",
                "reference": "9a6bf65cede7355cc84ce6939a9d665393337dee"
            },
            "dist": {
                "type": "zip",
                "url": "https://api.github.com/repos/MPAT-eu/mpat-newpagewizard/zipball/9a6bf65cede7355cc84ce6939a9d665393337dee",
                "reference": "9a6bf65cede7355cc84ce6939a9d665393337dee",
                "shasum": ""
            },
            "type": "wordpress-plugin",
            "license": [
                "GPL2"
            ],
            "authors": [
                {
                    "name": "Jean-Philippe Ruijs",
                    "email": "jean-philippe.ruijs@imt.fr"
                }
            ],
            "description": "Wizard for creating new pages for MPAT",
            "support": {
                "source": "https://github.com/MPAT-eu/mpat-newpagewizard/tree/master",
                "issues": "https://github.com/MPAT-eu/mpat-newpagewizard/issues"
            },
            "time": "2019-07-20T22:51:19+00:00"
        },
        {
            "name": "mpat/mpat-plugins",
            "version": "dev-master",
            "source": {
                "type": "git",
                "url": "https://github.com/MPAT-eu/MPAT-plugins.git",
                "reference": "cf385524ba49244266b8d688b966887ac5a28215"
            },
            "dist": {
                "type": "zip",
                "url": "https://api.github.com/repos/MPAT-eu/MPAT-plugins/zipball/cf385524ba49244266b8d688b966887ac5a28215",
                "reference": "cf385524ba49244266b8d688b966887ac5a28215",
                "shasum": ""
            },
            "require": {
                "composer/installers": "~1.0.12",
                "php": ">=5.5"
            },
            "type": "wordpress-plugin",
            "autoload": {
                "psr-4": {
                    "MPAT\\": ""
                }
            },
            "license": [
                "MIT"
            ],
            "authors": [
                {
                    "name": "Stefano Miccoli",
                    "email": "stefano.miccoli@finconsgroup.com"
                },
                {
                    "name": "Marco Ferrari",
                    "email": "marco.ferrari@finconsgroup.com"
                }
            ],
            "description": "MPAT main plugin",
            "support": {
                "source": "https://github.com/MPAT-eu/MPAT-plugins/tree/master",
                "issues": "https://github.com/MPAT-eu/MPAT-plugins/issues"
            },
            "time": "2018-10-16T14:53:40+00:00"
        },
        {
            "name": "mpat/mpat-theme",
            "version": "dev-master",
            "source": {
                "type": "git",
                "url": "https://github.com/MPAT-eu/MPAT-theme.git",
                "reference": "528f016685773ddbe0f5f43803908a6e9ba77697"
            },
            "dist": {
                "type": "zip",
                "url": "https://api.github.com/repos/MPAT-eu/MPAT-theme/zipball/528f016685773ddbe0f5f43803908a6e9ba77697",
                "reference": "528f016685773ddbe0f5f43803908a6e9ba77697",
                "shasum": ""
            },
            "require": {
                "composer/installers": "~1.0.12",
                "php": ">=5.5"
            },
            "type": "wordpress-theme",
            "license": [
                "MIT"
            ],
            "authors": [
                {
                    "name": "MPAT",
                    "email": "info@mpat.eu"
                }
            ],
            "description": "MPAT theme",
            "support": {
                "source": "https://github.com/MPAT-eu/MPAT-theme/tree/master",
                "issues": "https://github.com/MPAT-eu/MPAT-theme/issues"
            },
            "time": "2019-07-02T11:45:59+00:00"
        },
        {
            "name": "oscarotero/env",
            "version": "v1.2.0",
            "source": {
                "type": "git",
                "url": "https://github.com/oscarotero/env.git",
                "reference": "4ab45ce5c1f2c62549208426bfa20a3d5fa008c6"
            },
            "dist": {
                "type": "zip",
                "url": "https://api.github.com/repos/oscarotero/env/zipball/4ab45ce5c1f2c62549208426bfa20a3d5fa008c6",
                "reference": "4ab45ce5c1f2c62549208426bfa20a3d5fa008c6",
                "shasum": ""
            },
            "require": {
                "ext-ctype": "*",
                "php": ">=5.2"
            },
            "type": "library",
            "autoload": {
                "psr-0": {
                    "Env": "src/"
                }
            },
            "notification-url": "https://packagist.org/downloads/",
            "license": [
                "MIT"
            ],
            "authors": [
                {
                    "name": "Oscar Otero",
                    "email": "oom@oscarotero.com",
                    "homepage": "http://oscarotero.com",
                    "role": "Developer"
                }
            ],
            "description": "Simple library to consume environment variables",
            "homepage": "https://github.com/oscarotero/env",
            "keywords": [
                "env"
            ],
            "time": "2019-04-03T18:28:43+00:00"
        },
        {
            "name": "roots/wp-password-bcrypt",
            "version": "1.0.0",
            "source": {
                "type": "git",
                "url": "https://github.com/roots/wp-password-bcrypt.git",
                "reference": "5cecd2e98ccc3193443cc5c5db9b3bc7abed5ffa"
            },
            "dist": {
                "type": "zip",
                "url": "https://api.github.com/repos/roots/wp-password-bcrypt/zipball/5cecd2e98ccc3193443cc5c5db9b3bc7abed5ffa",
                "reference": "5cecd2e98ccc3193443cc5c5db9b3bc7abed5ffa",
                "shasum": ""
            },
            "require": {
                "composer/installers": "~1.0",
                "php": ">=5.5.0"
            },
            "require-dev": {
                "brain/monkey": "^1.3.1",
                "mockery/mockery": "^0.9.4",
                "phpunit/phpunit": "^4.8.23|^5.2.9",
                "squizlabs/php_codesniffer": "^2.5.1"
            },
            "type": "library",
            "autoload": {
                "files": [
                    "wp-password-bcrypt.php"
                ]
            },
            "notification-url": "https://packagist.org/downloads/",
            "license": [
                "MIT"
            ],
            "authors": [
                {
                    "name": "Scott Walkinshaw",
                    "email": "scott.walkinshaw@gmail.com",
                    "homepage": "https://github.com/swalkinshaw"
                },
                {
                    "name": "qwp6t",
                    "homepage": "https://github.com/qwp6t"
                },
                {
                    "name": "Jan Pingel",
                    "email": "jpingel@bitpiston.com",
                    "homepage": "http://janpingel.com"
                }
            ],
            "description": "WordPress plugin which replaces wp_hash_password and wp_check_password's phpass hasher with PHP 5.5's password_hash and password_verify using bcrypt.",
            "homepage": "https://roots.io/plugins/wp-password-bcrypt",
            "keywords": [
                "wordpress wp bcrypt password"
            ],
            "time": "2016-03-01T16:27:06+00:00"
        },
        {
            "name": "symfony/polyfill-ctype",
            "version": "v1.15.0",
            "source": {
                "type": "git",
                "url": "https://github.com/symfony/polyfill-ctype.git",
                "reference": "4719fa9c18b0464d399f1a63bf624b42b6fa8d14"
            },
            "dist": {
                "type": "zip",
                "url": "https://api.github.com/repos/symfony/polyfill-ctype/zipball/4719fa9c18b0464d399f1a63bf624b42b6fa8d14",
                "reference": "4719fa9c18b0464d399f1a63bf624b42b6fa8d14",
                "shasum": ""
            },
            "require": {
                "php": ">=5.3.3"
            },
            "suggest": {
                "ext-ctype": "For best performance"
            },
            "type": "library",
            "extra": {
                "branch-alias": {
                    "dev-master": "1.15-dev"
                }
            },
            "autoload": {
                "psr-4": {
                    "Symfony\\Polyfill\\Ctype\\": ""
                },
                "files": [
                    "bootstrap.php"
                ]
            },
            "notification-url": "https://packagist.org/downloads/",
            "license": [
                "MIT"
            ],
            "authors": [
                {
                    "name": "Gert de Pagter",
                    "email": "BackEndTea@gmail.com"
                },
                {
                    "name": "Symfony Community",
                    "homepage": "https://symfony.com/contributors"
                }
            ],
            "description": "Symfony polyfill for ctype functions",
            "homepage": "https://symfony.com",
            "keywords": [
                "compatibility",
                "ctype",
                "polyfill",
                "portable"
            ],
            "funding": [
                {
                    "url": "https://symfony.com/sponsor",
                    "type": "custom"
                },
                {
                    "url": "https://github.com/fabpot",
                    "type": "github"
                },
                {
                    "url": "https://tidelift.com/funding/github/packagist/symfony/symfony",
                    "type": "tidelift"
                }
            ],
            "time": "2020-02-27T09:26:54+00:00"
        },
        {
            "name": "vlucas/phpdotenv",
            "version": "v2.6.2",
            "source": {
                "type": "git",
                "url": "https://github.com/vlucas/phpdotenv.git",
                "reference": "c4a653ed3f1ff900baa15b4130c8770b57285b62"
            },
            "dist": {
                "type": "zip",
                "url": "https://api.github.com/repos/vlucas/phpdotenv/zipball/c4a653ed3f1ff900baa15b4130c8770b57285b62",
                "reference": "c4a653ed3f1ff900baa15b4130c8770b57285b62",
                "shasum": ""
            },
            "require": {
                "php": ">=5.3.9",
                "symfony/polyfill-ctype": "^1.9"
            },
            "require-dev": {
                "ext-filter": "*",
                "ext-pcre": "*",
                "phpunit/phpunit": "^4.8.35 || ^5.0"
            },
            "suggest": {
                "ext-filter": "Required to use the boolean validator.",
                "ext-pcre": "Required to use most of the library."
            },
            "type": "library",
            "extra": {
                "branch-alias": {
                    "dev-master": "2.6-dev"
                }
            },
            "autoload": {
                "psr-4": {
                    "Dotenv\\": "src/"
                }
            },
            "notification-url": "https://packagist.org/downloads/",
            "license": [
                "BSD-3-Clause"
            ],
            "authors": [
                {
                    "name": "Vance Lucas",
                    "email": "vance@vancelucas.com",
                    "homepage": "http://www.vancelucas.com"
                }
            ],
            "description": "Loads environment variables from `.env` to `getenv()`, `$_ENV` and `$_SERVER` automagically.",
            "keywords": [
                "dotenv",
                "env",
                "environment"
            ],
            "funding": [
                {
                    "url": "https://tidelift.com/funding/github/packagist/vlucas/phpdotenv",
                    "type": "tidelift"
                }
            ],
            "time": "2020-03-27T23:16:19+00:00"
        },
        {
            "name": "wpackagist-plugin/enhanced-media-library",
            "version": "2.7.2",
            "source": {
                "type": "svn",
                "url": "https://plugins.svn.wordpress.org/enhanced-media-library/",
                "reference": "tags/2.7.2"
            },
            "dist": {
                "type": "zip",
                "url": "https://downloads.wordpress.org/plugin/enhanced-media-library.2.7.2.zip"
            },
            "require": {
                "composer/installers": "~1.0"
            },
            "type": "wordpress-plugin",
            "homepage": "https://wordpress.org/plugins/enhanced-media-library/"
        },
        {
            "name": "wpackagist-plugin/members",
            "version": "1.1.3",
            "source": {
                "type": "svn",
                "url": "https://plugins.svn.wordpress.org/members/",
                "reference": "tags/1.1.3"
            },
            "dist": {
                "type": "zip",
                "url": "https://downloads.wordpress.org/plugin/members.1.1.3.zip"
            },
            "require": {
                "composer/installers": "~1.0"
            },
            "type": "wordpress-plugin",
            "homepage": "https://wordpress.org/plugins/members/"
        }
    ],
    "packages-dev": [
        {
            "name": "squizlabs/php_codesniffer",
            "version": "2.9.2",
            "source": {
                "type": "git",
                "url": "https://github.com/squizlabs/PHP_CodeSniffer.git",
                "reference": "2acf168de78487db620ab4bc524135a13cfe6745"
            },
            "dist": {
                "type": "zip",
                "url": "https://api.github.com/repos/squizlabs/PHP_CodeSniffer/zipball/2acf168de78487db620ab4bc524135a13cfe6745",
                "reference": "2acf168de78487db620ab4bc524135a13cfe6745",
                "shasum": ""
            },
            "require": {
                "ext-simplexml": "*",
                "ext-tokenizer": "*",
                "ext-xmlwriter": "*",
                "php": ">=5.1.2"
            },
            "require-dev": {
                "phpunit/phpunit": "~4.0"
            },
            "bin": [
                "scripts/phpcs",
                "scripts/phpcbf"
            ],
            "type": "library",
            "extra": {
                "branch-alias": {
                    "dev-master": "2.x-dev"
                }
            },
            "autoload": {
                "classmap": [
                    "CodeSniffer.php",
                    "CodeSniffer/CLI.php",
                    "CodeSniffer/Exception.php",
                    "CodeSniffer/File.php",
                    "CodeSniffer/Fixer.php",
                    "CodeSniffer/Report.php",
                    "CodeSniffer/Reporting.php",
                    "CodeSniffer/Sniff.php",
                    "CodeSniffer/Tokens.php",
                    "CodeSniffer/Reports/",
                    "CodeSniffer/Tokenizers/",
                    "CodeSniffer/DocGenerators/",
                    "CodeSniffer/Standards/AbstractPatternSniff.php",
                    "CodeSniffer/Standards/AbstractScopeSniff.php",
                    "CodeSniffer/Standards/AbstractVariableSniff.php",
                    "CodeSniffer/Standards/IncorrectPatternException.php",
                    "CodeSniffer/Standards/Generic/Sniffs/",
                    "CodeSniffer/Standards/MySource/Sniffs/",
                    "CodeSniffer/Standards/PEAR/Sniffs/",
                    "CodeSniffer/Standards/PSR1/Sniffs/",
                    "CodeSniffer/Standards/PSR2/Sniffs/",
                    "CodeSniffer/Standards/Squiz/Sniffs/",
                    "CodeSniffer/Standards/Zend/Sniffs/"
                ]
            },
            "notification-url": "https://packagist.org/downloads/",
            "license": [
                "BSD-3-Clause"
            ],
            "authors": [
                {
                    "name": "Greg Sherwood",
                    "role": "lead"
                }
            ],
            "description": "PHP_CodeSniffer tokenizes PHP, JavaScript and CSS files and detects violations of a defined set of coding standards.",
            "homepage": "http://www.squizlabs.com/php-codesniffer",
            "keywords": [
                "phpcs",
                "standards"
            ],
            "time": "2018-11-07T22:31:41+00:00"
        },
        {
            "name": "wp-api/basic-auth",
            "version": "dev-master",
            "source": {
                "type": "git",
                "url": "https://github.com/WP-API/Basic-Auth.git",
                "reference": "9e9d5267c7805c024f141d115b224cdee5a10008"
            },
            "dist": {
                "type": "zip",
                "url": "https://api.github.com/repos/WP-API/Basic-Auth/zipball/9e9d5267c7805c024f141d115b224cdee5a10008",
                "reference": "9e9d5267c7805c024f141d115b224cdee5a10008",
                "shasum": ""
            },
            "type": "wordpress-plugin",
            "description": "Basic Authentication handler for the JSON API, used for development and debugging purposes",
            "support": {
                "source": "https://github.com/WP-API/Basic-Auth/tree/master",
                "issues": "https://github.com/WP-API/Basic-Auth/issues"
            },
            "time": "2017-12-03T21:39:01+00:00"
        },
        {
            "name": "wpackagist-plugin/rewrite-rules-inspector",
            "version": "1.2.1",
            "source": {
                "type": "svn",
                "url": "https://plugins.svn.wordpress.org/rewrite-rules-inspector/",
                "reference": "tags/1.2.1"
            },
            "dist": {
                "type": "zip",
                "url": "https://downloads.wordpress.org/plugin/rewrite-rules-inspector.1.2.1.zip"
            },
            "require": {
                "composer/installers": "~1.0"
            },
            "type": "wordpress-plugin",
            "homepage": "https://wordpress.org/plugins/rewrite-rules-inspector/"
        },
        {
            "name": "wpackagist-plugin/wp-crontrol",
            "version": "1.3.1",
            "source": {
                "type": "svn",
                "url": "https://plugins.svn.wordpress.org/wp-crontrol/",
                "reference": "tags/1.3.1"
            },
            "dist": {
                "type": "zip",
                "url": "https://downloads.wordpress.org/plugin/wp-crontrol.1.3.1.zip"
            },
            "require": {
                "composer/installers": "~1.0"
            },
            "type": "wordpress-plugin",
            "homepage": "https://wordpress.org/plugins/wp-crontrol/"
        }
    ],
    "aliases": [],
    "minimum-stability": "stable",
    "stability-flags": {
        "mpat/mpat-plugins": 20,
        "mpat/mpat-theme": 20,
        "mpat/mpat-importexport": 20,
        "mpat/mpat-explorer": 20,
        "mpat/mpat-newpagewizard": 20,
        "mpat-cpo": 20,
        "mbop-remover": 20,
        "wp-api/basic-auth": 20
    },
    "prefer-stable": false,
    "prefer-lowest": false,
    "platform": {
        "php": ">=5.5"
    },
    "platform-dev": [],
    "plugin-api-version": "1.1.0"
}
